{
  "requires": true,
  "lockfileVersion": 1,
  "dependencies": {
    "rgu-mi-modulo-nodejs": {
      "version": "0.0.1",
      "resolved": "https://registry.npmjs.org/rgu-mi-modulo-nodejs/-/rgu-mi-modulo-nodejs-0.0.1.tgz",
      "integrity": "sha512-M7t5EAXetadff9vorvGcksacPOrYL8Wp8m+Qn8efKBqNzCWLtpLrFC9F7CIv7oabJtzX49dGPP9KI1BvM75zJw=="
    }
  }
}
